
Microsoft Visual Studio Solution File, Format Version 12.00
# Visual Studio Version 17
VisualStudioVersion = 17.9.34701.34
MinimumVisualStudioVersion = 10.0.40219.1
Project("{FAE04EC0-301F-11D3-BF4B-00C04F79EFBC}") = "AljabarLibraries", "AljabarLibraries\AljabarLibraries.csproj", "{3EDD28F9-98F1-494E-B490-201F9AD55C76}"
EndProject
Project("{FAE04EC0-301F-11D3-BF4B-00C04F79EFBC}") = "AljabarDriver", "AljabarDriver\AljabarDriver.csproj", "{5377B89C-0F23-4AA0-801E-403177CC6DCA}"
EndProject
Global
	GlobalSection(SolutionConfigurationPlatforms) = preSolution
		Debug|Any CPU = Debug|Any CPU
		Release|Any CPU = Release|Any CPU
	EndGlobalSection
	GlobalSection(ProjectConfigurationPlatforms) = postSolution
		{3EDD28F9-98F1-494E-B490-201F9AD55C76}.Debug|Any CPU.ActiveCfg = Debug|Any CPU
		{3EDD28F9-98F1-494E-B490-201F9AD55C76}.Debug|Any CPU.Build.0 = Debug|Any CPU
		{3EDD28F9-98F1-494E-B490-201F9AD55C76}.Release|Any CPU.ActiveCfg = Release|Any CPU
		{3EDD28F9-98F1-494E-B490-201F9AD55C76}.Release|Any CPU.Build.0 = Release|Any CPU
		{5377B89C-0F23-4AA0-801E-403177CC6DCA}.Debug|Any CPU.ActiveCfg = Debug|Any CPU
		{5377B89C-0F23-4AA0-801E-403177CC6DCA}.Debug|Any CPU.Build.0 = Debug|Any CPU
		{5377B89C-0F23-4AA0-801E-403177CC6DCA}.Release|Any CPU.ActiveCfg = Release|Any CPU
		{5377B89C-0F23-4AA0-801E-403177CC6DCA}.Release|Any CPU.Build.0 = Release|Any CPU
	EndGlobalSection
	GlobalSection(SolutionProperties) = preSolution
		HideSolutionNode = FALSE
	EndGlobalSection
	GlobalSection(ExtensibilityGlobals) = postSolution
		SolutionGuid = {5C4E3241-97BA-4B0D-A26F-0AFE667DBC00}
	EndGlobalSection
EndGlobal
